// !$*UTF8*$!
{
	archiveVersion = 1;
	classes = {
	};
	objectVersion = 46;
	objects = {

/* Begin PBXBuildFile section */
		81F843F01AB9AA4800FA5E08 /* main.m in Sources */ = {isa = PBXBuildFile; fileRef = 81F843EF1AB9AA4800FA5E08 /* main.m */; };
		81F843F31AB9AA4800FA5E08 /* AppDelegate.m in Sources */ = {isa = PBXBuildFile; fileRef = 81F843F21AB9AA4800FA5E08 /* AppDelegate.m */; };
		81F843F61AB9AA4800FA5E08 /* FirstViewController.m in Sources */ = {isa = PBXBuildFile; fileRef = 81F843F51AB9AA4800FA5E08 /* FirstViewController.m */; };
		81F843F91AB9AA4800FA5E08 /* SecondViewController.m in Sources */ = {isa = PBXBuildFile; fileRef = 81F843F81AB9AA4800FA5E08 /* SecondViewController.m */; };
		81F843FC1AB9AA4800FA5E08 /* Main.storyboard in Resources */ = {isa = PBXBuildFile; fileRef = 81F843FA1AB9AA4800FA5E08 /* Main.storyboard */; };
		81F843FE1AB9AA4800FA5E08 /* Images.xcassets in Resources */ = {isa = PBXBuildFile; fileRef = 81F843FD1AB9AA4800FA5E08 /* Images.xcassets */; };
		81F844011AB9AA4800FA5E08 /* LaunchScreen.xib in Resources */ = {isa = PBXBuildFile; fileRef = 81F843FF1AB9AA4800FA5E08 /* LaunchScreen.xib */; };
		81F8440D1AB9AA4800FA5E08 /* SimpleAnimateTests.m in Sources */ = {isa = PBXBuildFile; fileRef = 81F8440C1AB9AA4800FA5E08 /* SimpleAnimateTests.m */; };
		81F844181AB9AAAE00FA5E08 /* UIView+UIView_SimpleAnimate.m in Sources */ = {isa = PBXBuildFile; fileRef = 81F844171AB9AAAE00FA5E08 /* UIView+UIView_SimpleAnimate.m */; };
/* End PBXBuildFile section */

/* Begin PBXContainerItemProxy section */
		81F844071AB9AA4800FA5E08 /* PBXContainerItemProxy */ = {
			isa = PBXContainerItemProxy;
			containerPortal = 81F843E21AB9AA4800FA5E08 /* Project object */;
			proxyType = 1;
			remoteGlobalIDString = 81F843E91AB9AA4800FA5E08;
			remoteInfo = SimpleAnimate;
		};
/* End PBXContainerItemProxy section */

/* Begin PBXFileReference section */
		81F843EA1AB9AA4800FA5E08 /* SimpleAnimate.app */ = {isa = PBXFileReference; explicitFileType = wrapper.application; includeInIndex = 0; path = SimpleAnimate.app; sourceTree = BUILT_PRODUCTS_DIR; };
		81F843EE1AB9AA4800FA5E08 /* Info.plist */ = {isa = PBXFileReference; lastKnownFileType = text.plist.xml; path = Info.plist; sourceTree = "<group>"; };
		81F843EF1AB9AA4800FA5E08 /* main.m */ = {isa = PBXFileReference; lastKnownFileType = sourcecode.c.objc; path = main.m; sourceTree = "<group>"; };
		81F843F11AB9AA4800FA5E08 /* AppDelegate.h */ = {isa = PBXFileReference; lastKnownFileType = sourcecode.c.h; path = AppDelegate.h; sourceTree = "<group>"; };
		81F843F21AB9AA4800FA5E08 /* AppDelegate.m */ = {isa = PBXFileReference; lastKnownFileType = sourcecode.c.objc; path = AppDelegate.m; sourceTree = "<group>"; };
		81F843F41AB9AA4800FA5E08 /* FirstViewController.h */ = {isa = PBXFileReference; lastKnownFileType = sourcecode.c.h; path = FirstViewController.h; sourceTree = "<group>"; };
		81F843F51AB9AA4800FA5E08 /* FirstViewController.m */ = {isa = PBXFileReference; lastKnownFileType = sourcecode.c.objc; path = FirstViewController.m; sourceTree = "<group>"; };
		81F843F71AB9AA4800FA5E08 /* SecondViewController.h */ = {isa = PBXFileReference; lastKnownFileType = sourcecode.c.h; path = SecondViewController.h; sourceTree = "<group>"; };
		81F843F81AB9AA4800FA5E08 /* SecondViewController.m */ = {isa = PBXFileReference; lastKnownFileType = sourcecode.c.objc; path = SecondViewController.m; sourceTree = "<group>"; };
		81F843FB1AB9AA4800FA5E08 /* Base */ = {isa = PBXFileReference; lastKnownFileType = file.storyboard; name = Base; path = Base.lproj/Main.storyboard; sourceTree = "<group>"; };
		81F843FD1AB9AA4800FA5E08 /* Images.xcassets */ = {isa = PBXFileReference; lastKnownFileType = folder.assetcatalog; path = Images.xcassets; sourceTree = "<group>"; };
		81F844001AB9AA4800FA5E08 /* Base */ = {isa = PBXFileReference; lastKnownFileType = file.xib; name = Base; path = Base.lproj/LaunchScreen.xib; sourceTree = "<group>"; };
		81F844061AB9AA4800FA5E08 /* SimpleAnimateTests.xctest */ = {isa = PBXFileReference; explicitFileType = wrapper.cfbundle; includeInIndex = 0; path = SimpleAnimateTests.xctest; sourceTree = BUILT_PRODUCTS_DIR; };
		81F8440B1AB9AA4800FA5E08 /* Info.plist */ = {isa = PBXFileReference; lastKnownFileType = text.plist.xml; path = Info.plist; sourceTree = "<group>"; };
		81F8440C1AB9AA4800FA5E08 /* SimpleAnimateTests.m */ = {isa = PBXFileReference; lastKnownFileType = sourcecode.c.objc; path = SimpleAnimateTests.m; sourceTree = "<group>"; };
		81F844161AB9AAAE00FA5E08 /* UIView+UIView_SimpleAnimate.h */ = {isa = PBXFileReference; fileEncoding = 4; lastKnownFileType = sourcecode.c.h; path = "UIView+UIView_SimpleAnimate.h"; sourceTree = "<group>"; };
		81F844171AB9AAAE00FA5E08 /* UIView+UIView_SimpleAnimate.m */ = {isa = PBXFileReference; fileEncoding = 4; lastKnownFileType = sourcecode.c.objc; path = "UIView+UIView_SimpleAnimate.m"; sourceTree = "<group>"; };
/* End PBXFileReference section */

/* Begin PBXFrameworksBuildPhase section */
		81F843E71AB9AA4800FA5E08 /* Frameworks */ = {
			isa = PBXFrameworksBuildPhase;
			buildActionMask = 2147483647;
			files = (
			);
			runOnlyForDeploymentPostprocessing = 0;
		};
		81F844031AB9AA4800FA5E08 /* Frameworks */ = {
			isa = PBXFrameworksBuildPhase;
			buildActionMask = 2147483647;
			files = (
			);
			runOnlyForDeploymentPostprocessing = 0;
		};
/* End PBXFrameworksBuildPhase section */

/* Begin PBXGroup section */
		81F843E11AB9AA4800FA5E08 = {
			isa = PBXGroup;
			children = (
				81F843EC1AB9AA4800FA5E08 /* SimpleAnimate */,
				81F844091AB9AA4800FA5E08 /* SimpleAnimateTests */,
				81F843EB1AB9AA4800FA5E08 /* Products */,
			);
			sourceTree = "<group>";
		};
		81F843EB1AB9AA4800FA5E08 /* Products */ = {
			isa = PBXGroup;
			children = (
				81F843EA1AB9AA4800FA5E08 /* SimpleAnimate.app */,
				81F844061AB9AA4800FA5E08 /* SimpleAnimateTests.xctest */,
			);
			name = Products;
			sourceTree = "<group>";
		};
		81F843EC1AB9AA4800FA5E08 /* SimpleAnimate */ = {
			isa = PBXGroup;
			children = (
				81F843F11AB9AA4800FA5E08 /* AppDelegate.h */,
				81F843F21AB9AA4800FA5E08 /* AppDelegate.m */,
				81F843F41AB9AA4800FA5E08 /* FirstViewController.h */,
				81F843F51AB9AA4800FA5E08 /* FirstViewController.m */,
				81F843F71AB9AA4800FA5E08 /* SecondViewController.h */,
				81F843F81AB9AA4800FA5E08 /* SecondViewController.m */,
				81F843FA1AB9AA4800FA5E08 /* Main.storyboard */,
				81F843FD1AB9AA4800FA5E08 /* Images.xcassets */,
				81F843FF1AB9AA4800FA5E08 /* LaunchScreen.xib */,
				81F843ED1AB9AA4800FA5E08 /* Supporting Files */,
				81F844161AB9AAAE00FA5E08 /* UIView+UIView_SimpleAnimate.h */,
				81F844171AB9AAAE00FA5E08 /* UIView+UIView_SimpleAnimate.m */,
			);
			path = SimpleAnimate;
			sourceTree = "<group>";
		};
		81F843ED1AB9AA4800FA5E08 /* Supporting Files */ = {
			isa = PBXGroup;
			children = (
				81F843EE1AB9AA4800FA5E08 /* Info.plist */,
				81F843EF1AB9AA4800FA5E08 /* main.m */,
			);
			name = "Supporting Files";
			sourceTree = "<group>";
		};
		81F844091AB9AA4800FA5E08 /* SimpleAnimateTests */ = {
			isa = PBXGroup;
			children = (
				81F8440C1AB9AA4800FA5E08 /* SimpleAnimateTests.m */,
				81F8440A1AB9AA4800FA5E08 /* Supporting Files */,
			);
			path = SimpleAnimateTests;
			sourceTree = "<group>";
		};
		81F8440A1AB9AA4800FA5E08 /* Supporting Files */ = {
			isa = PBXGroup;
			children = (
				81F8440B1AB9AA4800FA5E08 /* Info.plist */,
			);
			name = "Supporting Files";
			sourceTree = "<group>";
		};
/* End PBXGroup section */

/* Begin PBXNativeTarget section */
		81F843E91AB9AA4800FA5E08 /* SimpleAnimate */ = {
			isa = PBXNativeTarget;
			buildConfigurationList = 81F844101AB9AA4800FA5E08 /* Build configuration list for PBXNativeTarget "SimpleAnimate" */;
			buildPhases = (
				81F843E61AB9AA4800FA5E08 /* Sources */,
				81F843E71AB9AA4800FA5E08 /* Frameworks */,
				81F843E81AB9AA4800FA5E08 /* Resources */,
			);
			buildRules = (
			);
			dependencies = (
			);
			name = SimpleAnimate;
			productName = SimpleAnimate;
			productReference = 81F843EA1AB9AA4800FA5E08 /* SimpleAnimate.app */;
			productType = "com.apple.product-type.application";
		};
		81F844051AB9AA4800FA5E08 /* SimpleAnimateTests */ = {
			isa = PBXNativeTarget;
			buildConfigurationList = 81F844131AB9AA4800FA5E08 /* Build configuration list for PBXNativeTarget "SimpleAnimateTests" */;
			buildPhases = (
				81F844021AB9AA4800FA5E08 /* Sources */,
				81F844031AB9AA4800FA5E08 /* Frameworks */,
				81F844041AB9AA4800FA5E08 /* Resources */,
			);
			buildRules = (
			);
			dependencies = (
				81F844081AB9AA4800FA5E08 /* PBXTargetDependency */,
			);
			name = SimpleAnimateTests;
			productName = SimpleAnimateTests;
			productReference = 81F844061AB9AA4800FA5E08 /* SimpleAnimateTests.xctest */;
			productType = "com.apple.product-type.bundle.unit-test";
		};
/* End PBXNativeTarget section */

/* Begin PBXProject section */
		81F843E21AB9AA4800FA5E08 /* Project object */ = {
			isa = PBXProject;
			attributes = {
				LastUpgradeCheck = 0610;
				ORGANIZATIONNAME = orvibo;
				TargetAttributes = {
					81F843E91AB9AA4800FA5E08 = {
						CreatedOnToolsVersion = 6.1;
					};
					81F844051AB9AA4800FA5E08 = {
						CreatedOnToolsVersion = 6.1;
						TestTargetID = 81F843E91AB9AA4800FA5E08;
					};
				};
			};
			buildConfigurationList = 81F843E51AB9AA4800FA5E08 /* Build configuration list for PBXProject "SimpleAnimate" */;
			compatibilityVersion = "Xcode 3.2";
			developmentRegion = English;
			hasScannedForEncodings = 0;
			knownRegions = (
				en,
				Base,
			);
			mainGroup = 81F843E11AB9AA4800FA5E08;
			productRefGroup = 81F843EB1AB9AA4800FA5E08 /* Products */;
			projectDirPath = "";
			projectRoot = "";
			targets = (
				81F843E91AB9AA4800FA5E08 /* SimpleAnimate */,
				81F844051AB9AA4800FA5E08 /* SimpleAnimateTests */,
			);
		};
/* End PBXProject section */

/* Begin PBXResourcesBuildPhase section */
		81F843E81AB9AA4800FA5E08 /* Resources */ = {
			isa = PBXResourcesBuildPhase;
			buildActionMask = 2147483647;
			files = (
				81F843FC1AB9AA4800FA5E08 /* Main.storyboard in Resources */,
				81F844011AB9AA4800FA5E08 /* LaunchScreen.xib in Resources */,
				81F843FE1AB9AA4800FA5E08 /* Images.xcassets in Resources */,
			);
			runOnlyForDeploymentPostprocessing = 0;
		};
		81F844041AB9AA4800FA5E08 /* Resources */ = {
			isa = PBXResourcesBuildPhase;
			buildActionMask = 2147483647;
			files = (
			);
			runOnlyForDeploymentPostprocessing = 0;
		};
/* End PBXResourcesBuildPhase section */

/* Begin PBXSourcesBuildPhase section */
		81F843E61AB9AA4800FA5E08 /* Sources */ = {
			isa = PBXSourcesBuildPhase;
			buildActionMask = 2147483647;
			files = (
				81F843F91AB9AA4800FA5E08 /* SecondViewController.m in Sources */,
				81F843F31AB9AA4800FA5E08 /* AppDelegate.m in Sources */,
				81F843F61AB9AA4800FA5E08 /* FirstViewController.m in Sources */,
				81F844181AB9AAAE00FA5E08 /* UIView+UIView_SimpleAnimate.m in Sources */,
				81F843F01AB9AA4800FA5E08 /* main.m in Sources */,
			);
			runOnlyForDeploymentPostprocessing = 0;
		};
		81F844021AB9AA4800FA5E08 /* Sources */ = {
			isa = PBXSourcesBuildPhase;
			buildActionMask = 2147483647;
			files = (
				81F8440D1AB9AA4800FA5E08 /* SimpleAnimateTests.m in Sources */,
			);
			runOnlyForDeploymentPostprocessing = 0;
		};
/* End PBXSourcesBuildPhase section */

/* Begin PBXTargetDependency section */
		81F844081AB9AA4800FA5E08 /* PBXTargetDependency */ = {
			isa = PBXTargetDependency;
			target = 81F843E91AB9AA4800FA5E08 /* SimpleAnimate */;
			targetProxy = 81F844071AB9AA4800FA5E08 /* PBXContainerItemProxy */;
		};
/* End PBXTargetDependency section */

/* Begin PBXVariantGroup section */
		81F843FA1AB9AA4800FA5E08 /* Main.storyboard */ = {
			isa = PBXVariantGroup;
			children = (
				81F843FB1AB9AA4800FA5E08 /* Base */,
			);
			name = Main.storyboard;
			sourceTree = "<group>";
		};
		81F843FF1AB9AA4800FA5E08 /* LaunchScreen.xib */ = {
			isa = PBXVariantGroup;
			children = (
				81F844001AB9AA4800FA5E08 /* Base */,
			);
			name = LaunchScreen.xib;
			sourceTree = "<group>";
		};
/* End PBXVariantGroup section */

/* Begin XCBuildConfiguration section */
		81F8440E1AB9AA4800FA5E08 /* Debug */ = {
			isa = XCBuildConfiguration;
			buildSettings = {
				ALWAYS_SEARCH_USER_PATHS = NO;
				CLANG_CXX_LANGUAGE_STANDARD = "gnu++0x";
				CLANG_CXX_LIBRARY = "libc++";
				CLANG_ENABLE_MODULES = YES;
				CLANG_ENABLE_OBJC_ARC = YES;
				CLANG_WARN_BOOL_CONVERSION = YES;
				CLANG_WARN_CONSTANT_CONVERSION = YES;
				CLANG_WARN_DIRECT_OBJC_ISA_USAGE = YES_ERROR;
				CLANG_WARN_EMPTY_BODY = YES;
				CLANG_WARN_ENUM_CONVERSION = YES;
				CLANG_WARN_INT_CONVERSION = YES;
				CLANG_WARN_OBJC_ROOT_CLASS = YES_ERROR;
				CLANG_WARN_UNREACHABLE_CODE = YES;
				CLANG_WARN__DUPLICATE_METHOD_MATCH = YES;
				"CODE_SIGN_IDENTITY[sdk=iphoneos*]" = "iPhone Developer";
				COPY_PHASE_STRIP = NO;
				ENABLE_STRICT_OBJC_MSGSEND = YES;
				GCC_C_LANGUAGE_STANDARD = gnu99;
				GCC_DYNAMIC_NO_PIC = NO;
				GCC_OPTIMIZATION_LEVEL = 0;
				GCC_PREPROCESSOR_DEFINITIONS = (
					"DEBUG=1",
					"$(inherited)",
				);
				GCC_SYMBOLS_PRIVATE_EXTERN = NO;
				GCC_WARN_64_TO_32_BIT_CONVERSION = YES;
				GCC_WARN_ABOUT_RETURN_TYPE = YES_ERROR;
				GCC_WARN_UNDECLARED_SELECTOR = YES;
				GCC_WARN_UNINITIALIZED_AUTOS = YES_AGGRESSIVE;
				GCC_WARN_UNUSED_FUNCTION = YES;
				GCC_WARN_UNUSED_VARIABLE = YES;
				IPHONEOS_DEPLOYMENT_TARGET = 8.1;
				MTL_ENABLE_DEBUG_INFO = YES;
				ONLY_ACTIVE_ARCH = YES;
				SDKROOT = iphoneos;
				TARGETED_DEVICE_FAMILY = "1,2";
			};
			name = Debug;
		};
		81F8440F1AB9AA4800FA5E08 /* Release */ = {
			isa = XCBuildConfiguration;
			buildSettings = {
				ALWAYS_SEARCH_USER_PATHS = NO;
				CLANG_CXX_LANGUAGE_STANDARD = "gnu++0x";
				CLANG_CXX_LIBRARY = "libc++";
				CLANG_ENABLE_MODULES = YES;
				CLANG_ENABLE_OBJC_ARC = YES;
				CLANG_WARN_BOOL_CONVERSION = YES;
				CLANG_WARN_CONSTANT_CONVERSION = YES;
				CLANG_WARN_DIRECT_OBJC_ISA_USAGE = YES_ERROR;
				CLANG_WARN_EMPTY_BODY = YES;
				CLANG_WARN_ENUM_CONVERSION = YES;
				CLANG_WARN_INT_CONVERSION = YES;
				CLANG_WARN_OBJC_ROOT_CLASS = YES_ERROR;
				CLANG_WARN_UNREACHABLE_CODE = YES;
				CLANG_WARN__DUPLICATE_METHOD_MATCH = YES;
				"CODE_SIGN_IDENTITY[sdk=iphoneos*]" = "iPhone Developer";
				COPY_PHASE_STRIP = YES;
				ENABLE_NS_ASSERTIONS = NO;
				ENABLE_STRICT_OBJC_MSGSEND = YES;
				GCC_C_LANGUAGE_STANDARD = gnu99;
				GCC_WARN_64_TO_32_BIT_CONVERSION = YES;
				GCC_WARN_ABOUT_RETURN_TYPE = YES_ERROR;
				GCC_WARN_UNDECLARED_SELECTOR = YES;
				GCC_WARN_UNINITIALIZED_AUTOS = YES_AGGRESSIVE;
				GCC_WARN_UNUSED_FUNCTION = YES;
				GCC_WARN_UNUSED_VARIABLE = YES;
				IPHONEOS_DEPLOYMENT_TARGET = 8.1;
				MTL_ENABLE_DEBUG_INFO = NO;
				SDKROOT = iphoneos;
				TARGETED_DEVICE_FAMILY = "1,2";
				VALIDATE_PRODUCT = YES;
			};
			name = Release;
		};
		81F844111AB9AA4800FA5E08 /* Debug */ = {
			isa = XCBuildConfiguration;
			buildSettings = {
				ASSETCATALOG_COMPILER_APPICON_NAME = AppIcon;
				INFOPLIST_FILE = SimpleAnimate/Info.plist;
				LD_RUNPATH_SEARCH_PATHS = "$(inherited) @executable_path/Frameworks";
				PRODUCT_NAME = "$(TARGET_NAME)";
			};
			name = Debug;
		};
		81F844121AB9AA4800FA5E08 /* Release */ = {
			isa = XCBuildConfiguration;
			buildSettings = {
				ASSETCATALOG_COMPILER_APPICON_NAME = AppIcon;
				INFOPLIST_FILE = SimpleAnimate/Info.plist;
				LD_RUNPATH_SEARCH_PATHS = "$(inherited) @executable_path/Frameworks";
				PRODUCT_NAME = "$(TARGET_NAME)";
			};
			name = Release;
		};
		81F844141AB9AA4800FA5E08 /* Debug */ = {
			isa = XCBuildConfiguration;
			buildSettings = {
				BUNDLE_LOADER = "$(TEST_HOST)";
				FRAMEWORK_SEARCH_PATHS = (
					"$(SDKROOT)/Developer/Library/Frameworks",
					"$(inherited)",
				);
				GCC_PREPROCESSOR_DEFINITIONS = (
					"DEBUG=1",
					"$(inherited)",
				);
				INFOPLIST_FILE = SimpleAnimateTests/Info.plist;
				LD_RUNPATH_SEARCH_PATHS = "$(inherited) @executable_path/Frameworks @loader_path/Frameworks";
				PRODUCT_NAME = "$(TARGET_NAME)";
				TEST_HOST = "$(BUILT_PRODUCTS_DIR)/SimpleAnimate.app/SimpleAnimate";
			};
			name = Debug;
		};
		81F844151AB9AA4800FA5E08 /* Release */ = {
			isa = XCBuildConfiguration;
			buildSettings = {
				BUNDLE_LOADER = "$(TEST_HOST)";
				FRAMEWORK_SEARCH_PATHS = (
					"$(SDKROOT)/Developer/Library/Frameworks",
					"$(inherited)",
				);
				INFOPLIST_FILE = SimpleAnimateTests/Info.plist;
				LD_RUNPATH_SEARCH_PATHS = "$(inherited) @executable_path/Frameworks @loader_path/Frameworks";
				PRODUCT_NAME = "$(TARGET_NAME)";
				TEST_HOST = "$(BUILT_PRODUCTS_DIR)/SimpleAnimate.app/SimpleAnimate";
			};
			name = Release;
		};
/* End XCBuildConfiguration section */

/* Begin XCConfigurationList section */
		81F843E51AB9AA4800FA5E08 /* Build configuration list for PBXProject "SimpleAnimate" */ = {
			isa = XCConfigurationList;
			buildConfigurations = (
				81F8440E1AB9AA4800FA5E08 /* Debug */,
				81F8440F1AB9AA4800FA5E08 /* Release */,
			);
			defaultConfigurationIsVisible = 0;
			defaultConfigurationName = Release;
		};
		81F844101AB9AA4800FA5E08 /* Build configuration list for PBXNativeTarget "SimpleAnimate" */ = {
			isa = XCConfigurationList;
			buildConfigurations = (
				81F844111AB9AA4800FA5E08 /* Debug */,
				81F844121AB9AA4800FA5E08 /* Release */,
			);
			defaultConfigurationIsVisible = 0;
		};
		81F844131AB9AA4800FA5E08 /* Build configuration list for PBXNativeTarget "SimpleAnimateTests" */ = {
			isa = XCConfigurationList;
			buildConfigurations = (
				81F844141AB9AA4800FA5E08 /* Debug */,
				81F844151AB9AA4800FA5E08 /* Release */,
			);
			defaultConfigurationIsVisible = 0;
		};
/* End XCConfigurationList section */
	};
	rootObject = 81F843E21AB9AA4800FA5E08 /* Project object */;
}
